
Microsoft Visual Studio Solution File, Format Version 12.00
# Visual Studio Version 17
VisualStudioVersion = 17.7.34018.315
MinimumVisualStudioVersion = 10.0.40219.1
Project("{FAE04EC0-301F-11D3-BF4B-00C04F79EFBC}") = "Encapsulation", "Encapsulation\Encapsulation.csproj", "{78B5E09F-9242-45F1-86D8-15BAC7C8FC60}"
EndProject
Project("{FAE04EC0-301F-11D3-BF4B-00C04F79EFBC}") = "PersonsInfo", "Persons\PersonsInfo.csproj", "{83013F14-FC61-4DF3-B790-5464D5C8F2BA}"
EndProject
Global
	GlobalSection(SolutionConfigurationPlatforms) = preSolution
		Debug|Any CPU = Debug|Any CPU
		Release|Any CPU = Release|Any CPU
	EndGlobalSection
	GlobalSection(ProjectConfigurationPlatforms) = postSolution
		{78B5E09F-9242-45F1-86D8-15BAC7C8FC60}.Debug|Any CPU.ActiveCfg = Debug|Any CPU
		{78B5E09F-9242-45F1-86D8-15BAC7C8FC60}.Debug|Any CPU.Build.0 = Debug|Any CPU
		{78B5E09F-9242-45F1-86D8-15BAC7C8FC60}.Release|Any CPU.ActiveCfg = Release|Any CPU
		{78B5E09F-9242-45F1-86D8-15BAC7C8FC60}.Release|Any CPU.Build.0 = Release|Any CPU
		{83013F14-FC61-4DF3-B790-5464D5C8F2BA}.Debug|Any CPU.ActiveCfg = Debug|Any CPU
		{83013F14-FC61-4DF3-B790-5464D5C8F2BA}.Debug|Any CPU.Build.0 = Debug|Any CPU
		{83013F14-FC61-4DF3-B790-5464D5C8F2BA}.Release|Any CPU.ActiveCfg = Release|Any CPU
		{83013F14-FC61-4DF3-B790-5464D5C8F2BA}.Release|Any CPU.Build.0 = Release|Any CPU
	EndGlobalSection
	GlobalSection(SolutionProperties) = preSolution
		HideSolutionNode = FALSE
	EndGlobalSection
	GlobalSection(ExtensibilityGlobals) = postSolution
		SolutionGuid = {1BE1908D-9843-443A-9E5A-06EB9BF7D985}
	EndGlobalSection
EndGlobal
